
Microsoft Visual Studio Solution File, Format Version 12.00
# Visual Studio 15
VisualStudioVersion = 15.0.28010.2003
MinimumVisualStudioVersion = 10.0.40219.1
Project("{FAE04EC0-301F-11D3-BF4B-00C04F79EFBC}") = "DbOperationByDapper", "DbOperationByDapper\DbOperationByDapper.csproj", "{BDE51403-0859-44F4-8C25-33442C676EF0}"
EndProject
Project("{FAE04EC0-301F-11D3-BF4B-00C04F79EFBC}") = "UnitTestProject1", "UnitTestProject1\UnitTestProject1.csproj", "{A3FAF42E-56F4-4005-B75F-6A57A1EFEB70}"
EndProject
Global
	GlobalSection(SolutionConfigurationPlatforms) = preSolution
		Debug|Any CPU = Debug|Any CPU
		Release|Any CPU = Release|Any CPU
	EndGlobalSection
	GlobalSection(ProjectConfigurationPlatforms) = postSolution
		{BDE51403-0859-44F4-8C25-33442C676EF0}.Debug|Any CPU.ActiveCfg = Debug|Any CPU
		{BDE51403-0859-44F4-8C25-33442C676EF0}.Debug|Any CPU.Build.0 = Debug|Any CPU
		{BDE51403-0859-44F4-8C25-33442C676EF0}.Release|Any CPU.ActiveCfg = Release|Any CPU
		{BDE51403-0859-44F4-8C25-33442C676EF0}.Release|Any CPU.Build.0 = Release|Any CPU
		{A3FAF42E-56F4-4005-B75F-6A57A1EFEB70}.Debug|Any CPU.ActiveCfg = Debug|Any CPU
		{A3FAF42E-56F4-4005-B75F-6A57A1EFEB70}.Debug|Any CPU.Build.0 = Debug|Any CPU
		{A3FAF42E-56F4-4005-B75F-6A57A1EFEB70}.Release|Any CPU.ActiveCfg = Release|Any CPU
		{A3FAF42E-56F4-4005-B75F-6A57A1EFEB70}.Release|Any CPU.Build.0 = Release|Any CPU
	EndGlobalSection
	GlobalSection(SolutionProperties) = preSolution
		HideSolutionNode = FALSE
	EndGlobalSection
	GlobalSection(ExtensibilityGlobals) = postSolution
		SolutionGuid = {24F372FC-2670-4C50-8C68-A45F0C7E463C}
	EndGlobalSection
EndGlobal
